
Microsoft Visual Studio Solution File, Format Version 12.00
# Visual Studio 15
VisualStudioVersion = 15.0.26124.0
MinimumVisualStudioVersion = 15.0.26124.0
Project("{FAE04EC0-301F-11D3-BF4B-00C04F79EFBC}") = "TestService", "TestService\TestService.csproj", "{672C7380-8457-4CCF-A9A8-F2B29D0E8B45}"
EndProject
Project("{FAE04EC0-301F-11D3-BF4B-00C04F79EFBC}") = "TestService.Tests", "TestService.Tests\TestService.Tests.csproj", "{1B8775D4-5407-499E-A0A1-855C4F48FB6F}"
EndProject
Global
	GlobalSection(SolutionConfigurationPlatforms) = preSolution
		Debug|Any CPU = Debug|Any CPU
		Debug|x64 = Debug|x64
		Debug|x86 = Debug|x86
		Release|Any CPU = Release|Any CPU
		Release|x64 = Release|x64
		Release|x86 = Release|x86
	EndGlobalSection
	GlobalSection(SolutionProperties) = preSolution
		HideSolutionNode = FALSE
	EndGlobalSection
	GlobalSection(ProjectConfigurationPlatforms) = postSolution
		{672C7380-8457-4CCF-A9A8-F2B29D0E8B45}.Debug|Any CPU.ActiveCfg = Debug|Any CPU
		{672C7380-8457-4CCF-A9A8-F2B29D0E8B45}.Debug|Any CPU.Build.0 = Debug|Any CPU
		{672C7380-8457-4CCF-A9A8-F2B29D0E8B45}.Debug|x64.ActiveCfg = Debug|Any CPU
		{672C7380-8457-4CCF-A9A8-F2B29D0E8B45}.Debug|x64.Build.0 = Debug|Any CPU
		{672C7380-8457-4CCF-A9A8-F2B29D0E8B45}.Debug|x86.ActiveCfg = Debug|Any CPU
		{672C7380-8457-4CCF-A9A8-F2B29D0E8B45}.Debug|x86.Build.0 = Debug|Any CPU
		{672C7380-8457-4CCF-A9A8-F2B29D0E8B45}.Release|Any CPU.ActiveCfg = Release|Any CPU
		{672C7380-8457-4CCF-A9A8-F2B29D0E8B45}.Release|Any CPU.Build.0 = Release|Any CPU
		{672C7380-8457-4CCF-A9A8-F2B29D0E8B45}.Release|x64.ActiveCfg = Release|Any CPU
		{672C7380-8457-4CCF-A9A8-F2B29D0E8B45}.Release|x64.Build.0 = Release|Any CPU
		{672C7380-8457-4CCF-A9A8-F2B29D0E8B45}.Release|x86.ActiveCfg = Release|Any CPU
		{672C7380-8457-4CCF-A9A8-F2B29D0E8B45}.Release|x86.Build.0 = Release|Any CPU
		{1B8775D4-5407-499E-A0A1-855C4F48FB6F}.Debug|Any CPU.ActiveCfg = Debug|Any CPU
		{1B8775D4-5407-499E-A0A1-855C4F48FB6F}.Debug|Any CPU.Build.0 = Debug|Any CPU
		{1B8775D4-5407-499E-A0A1-855C4F48FB6F}.Debug|x64.ActiveCfg = Debug|Any CPU
		{1B8775D4-5407-499E-A0A1-855C4F48FB6F}.Debug|x64.Build.0 = Debug|Any CPU
		{1B8775D4-5407-499E-A0A1-855C4F48FB6F}.Debug|x86.ActiveCfg = Debug|Any CPU
		{1B8775D4-5407-499E-A0A1-855C4F48FB6F}.Debug|x86.Build.0 = Debug|Any CPU
		{1B8775D4-5407-499E-A0A1-855C4F48FB6F}.Release|Any CPU.ActiveCfg = Release|Any CPU
		{1B8775D4-5407-499E-A0A1-855C4F48FB6F}.Release|Any CPU.Build.0 = Release|Any CPU
		{1B8775D4-5407-499E-A0A1-855C4F48FB6F}.Release|x64.ActiveCfg = Release|Any CPU
		{1B8775D4-5407-499E-A0A1-855C4F48FB6F}.Release|x64.Build.0 = Release|Any CPU
		{1B8775D4-5407-499E-A0A1-855C4F48FB6F}.Release|x86.ActiveCfg = Release|Any CPU
		{1B8775D4-5407-499E-A0A1-855C4F48FB6F}.Release|x86.Build.0 = Release|Any CPU
	EndGlobalSection
EndGlobal
